# This file was autogenerated by Stack.
# You should not edit this file by hand.
# For more information, please see the documentation at:
#   https://docs.haskellstack.org/en/stable/lock_files

packages:
- completed:
    hackage: diagrams-1.4.0.1@sha256:5d003c391fff00c945f8014c24bac0ea7b8daa9500349bef4646fa620a0c5327,5480
    pantry-tree:
      size: 208
      sha256: a28c20bbb11eddd3546fa98f2599507046fc490a4df71da6e928ad3653f2ed50
  original:
    hackage: diagrams-1.4.0.1
- completed:
    hackage: diagrams-contrib-1.4.4@sha256:e5d338f777dbe94466ffb314157ce209286adf9ab461646652b5be985e76da61,4742
    pantry-tree:
      size: 11387
      sha256: bf6554369c75dbcb256376b6f36e362fbbb265bee12c11b0355cb88a8a329621
  original:
    hackage: diagrams-contrib-1.4.4
- completed:
    hackage: diagrams-core-1.5.0@sha256:8ffd24eb97ce309b41c52e5fa3a8acee5e4063565919eb4d41abb5c219b3d49b,2971
    pantry-tree:
      size: 2018
      sha256: 670806e0af1e31792557a3bc2c4ffe4c39929fea718c3071eb4702c4512c9795
  original:
    hackage: diagrams-core-1.5.0
- completed:
    hackage: diagrams-lib-1.4.4@sha256:1129be254377b926ce2e932113e4bd06256de878d163fbcbacacf1be97bdf3b0,8220
    pantry-tree:
      size: 11604
      sha256: a96099f5e6e4c3236dd2c2dd301e5498a1dd4b968a05dcec144c46eb53e6d912
  original:
    hackage: diagrams-lib-1.4.4
- completed:
    hackage: diagrams-rasterific-1.4.2.1@sha256:537148be9dd713d940779750f4f64f7b85f0e1340ba207a0414a49aba0b4a8ed,3202
    pantry-tree:
      size: 1387
      sha256: 6232589931391502f06add397ea0859d40951f88bb40bceeddb6920ff2e2200a
  original:
    hackage: diagrams-rasterific-1.4.2.1
- completed:
    hackage: diagrams-svg-1.4.3@sha256:407ff78cb7bd1f44c68b0059036186f17a281a053901e29d0139ab151e703247,3159
    pantry-tree:
      size: 475
      sha256: 53c2221ee415d9bfc2f0dd886b67b1edbfdb91f68e809b43cf0bb830fc870ad7
  original:
    hackage: diagrams-svg-1.4.3
- completed:
    hackage: active-0.2.0.15@sha256:56d95c2205a8e52911bf08784b9958be430036e6ea16521b957c3e27cc71235c,1792
    pantry-tree:
      size: 1017
      sha256: 5f2c007588a7e5b2c3500a077cbae93a78c0869f1d2985b0ddcb318285e65def
  original:
    hackage: active-0.2.0.15
- completed:
    hackage: dual-tree-0.2.3.0@sha256:be4b8ecb2ecef798f88ee569d043f3f19c32f6dd083329cd7cfcb482f0bc6233,2882
    pantry-tree:
      size: 387
      sha256: db681941c4b21ef09d6aef232a8424edd2ca08ad8d4480480d9fbbbad78b0e50
  original:
    hackage: dual-tree-0.2.3.0
- completed:
    hackage: force-layout-0.4.0.6@sha256:246a26ca944ec7d4f1b7f971d008427c1b83b20b2e2174b551d5cfb7d90ad745,1298
    pantry-tree:
      size: 276
      sha256: a5ed73ea0e79d4302b4a85e943f50cda594196e8cb592a4c7bdebec899ab7b0a
  original:
    hackage: force-layout-0.4.0.6
- completed:
    hackage: monoid-extras-0.6@sha256:fabcab0a59ac48d8f271016cf8190b21969b202c760df2db85add2fef93d38b4,2197
    pantry-tree:
      size: 1187
      sha256: b07d7eef465c7cbc2f5c8368ef98b8a746166cb6953c1f51643f9fba6ead99e0
  original:
    hackage: monoid-extras-0.6
- completed:
    hackage: svg-builder-0.1.1@sha256:825ebc18c4e457efa1bc6ca5f90f5abc80566992e8ffdab6ccb782407a46db32,1569
    pantry-tree:
      size: 535
      sha256: 4082f112e4f3d6363df6d12906b24bdcc9ebd7ac2c683841fac1254324373f8f
  original:
    hackage: svg-builder-0.1.1
- completed:
    hackage: gloss-juicy-0.2.3@sha256:0c3bca95237cbf91f8b3b1936a0661f1e0457acd80502276d54d6c5210f88b25,1618
    pantry-tree:
      size: 273
      sha256: 914c08509bc3da4707d90e542b44833ca1a62abc83c2848f87df3d7a7a1d7e03
  original:
    hackage: gloss-juicy-0.2.3
snapshots:
- completed:
    size: 590102
    url: https://raw.githubusercontent.com/commercialhaskell/stackage-snapshots/master/lts/18/27.yaml
    sha256: 79a786674930a89301b0e908fad2822a48882f3d01486117693c377b8edffdbe
  original:
    url: https://raw.githubusercontent.com/commercialhaskell/stackage-snapshots/master/lts/18/27.yaml
